
Microsoft Visual Studio Solution File, Format Version 12.00
# Visual Studio Version 17
VisualStudioVersion = 17.8.34330.188
MinimumVisualStudioVersion = 10.0.40219.1
Project("{FAE04EC0-301F-11D3-BF4B-00C04F79EFBC}") = "Names", "Names.csproj", "{3BA2EEC2-F804-4D75-8250-18CB7F3A9288}"
EndProject
Global
	GlobalSection(SolutionConfigurationPlatforms) = preSolution
		Debug|Any CPU = Debug|Any CPU
		Release|Any CPU = Release|Any CPU
	EndGlobalSection
	GlobalSection(ProjectConfigurationPlatforms) = postSolution
		{3BA2EEC2-F804-4D75-8250-18CB7F3A9288}.Debug|Any CPU.ActiveCfg = Debug|Any CPU
		{3BA2EEC2-F804-4D75-8250-18CB7F3A9288}.Debug|Any CPU.Build.0 = Debug|Any CPU
		{3BA2EEC2-F804-4D75-8250-18CB7F3A9288}.Release|Any CPU.ActiveCfg = Release|Any CPU
		{3BA2EEC2-F804-4D75-8250-18CB7F3A9288}.Release|Any CPU.Build.0 = Release|Any CPU
	EndGlobalSection
	GlobalSection(SolutionProperties) = preSolution
		HideSolutionNode = FALSE
	EndGlobalSection
	GlobalSection(ExtensibilityGlobals) = postSolution
		SolutionGuid = {615177E8-BC5A-4D9C-AC37-D665BA589AD8}
	EndGlobalSection
EndGlobal
